
Microsoft Visual Studio Solution File, Format Version 12.00
# Visual Studio Version 16
VisualStudioVersion = 16.0.31702.278
MinimumVisualStudioVersion = 10.0.40219.1
Project("{9A19103F-16F7-4668-BE54-9A1E7A4F7556}") = "GrpcWorky", "GrpcWorky\GrpcWorky.csproj", "{63E16470-962D-4AE9-96BF-B4DE1ADAD777}"
EndProject
Project("{9A19103F-16F7-4668-BE54-9A1E7A4F7556}") = "GrpcWorkyClient", "GrpcWorkyClient\GrpcWorkyClient.csproj", "{2D6999A5-465A-4CB6-B194-BD3EE65C9E2D}"
EndProject
Global
	GlobalSection(SolutionConfigurationPlatforms) = preSolution
		Debug|Any CPU = Debug|Any CPU
		Release|Any CPU = Release|Any CPU
	EndGlobalSection
	GlobalSection(ProjectConfigurationPlatforms) = postSolution
		{63E16470-962D-4AE9-96BF-B4DE1ADAD777}.Debug|Any CPU.ActiveCfg = Debug|Any CPU
		{63E16470-962D-4AE9-96BF-B4DE1ADAD777}.Debug|Any CPU.Build.0 = Debug|Any CPU
		{63E16470-962D-4AE9-96BF-B4DE1ADAD777}.Release|Any CPU.ActiveCfg = Release|Any CPU
		{63E16470-962D-4AE9-96BF-B4DE1ADAD777}.Release|Any CPU.Build.0 = Release|Any CPU
		{2D6999A5-465A-4CB6-B194-BD3EE65C9E2D}.Debug|Any CPU.ActiveCfg = Debug|Any CPU
		{2D6999A5-465A-4CB6-B194-BD3EE65C9E2D}.Debug|Any CPU.Build.0 = Debug|Any CPU
		{2D6999A5-465A-4CB6-B194-BD3EE65C9E2D}.Release|Any CPU.ActiveCfg = Release|Any CPU
		{2D6999A5-465A-4CB6-B194-BD3EE65C9E2D}.Release|Any CPU.Build.0 = Release|Any CPU
	EndGlobalSection
	GlobalSection(SolutionProperties) = preSolution
		HideSolutionNode = FALSE
	EndGlobalSection
	GlobalSection(ExtensibilityGlobals) = postSolution
		SolutionGuid = {07E5EFBF-9C12-49FA-B119-8A37314A9360}
	EndGlobalSection
EndGlobal
